// !$*UTF8*$!
{
	archiveVersion = 1;
	classes = {
	};
	objectVersion = 45;
	objects = {

/* Begin PBXBuildFile section */
		1D3623260D0F684500981E51 /* PowerHourAppDelegate.m in Sources */ = {isa = PBXBuildFile; fileRef = 1D3623250D0F684500981E51 /* PowerHourAppDelegate.m */; };
		1D60589B0D05DD56006BFB54 /* main.m in Sources */ = {isa = PBXBuildFile; fileRef = 29B97316FDCFA39411CA2CEA /* main.m */; };
		1D60589F0D05DD5A006BFB54 /* Foundation.framework in Frameworks */ = {isa = PBXBuildFile; fileRef = 1D30AB110D05D00D00671497 /* Foundation.framework */; };
		1DF5F4E00D08C38300B7A737 /* UIKit.framework in Frameworks */ = {isa = PBXBuildFile; fileRef = 1DF5F4DF0D08C38300B7A737 /* UIKit.framework */; };
		1F7305A2100C1B27006C040E /* previous.png in Resources */ = {isa = PBXBuildFile; fileRef = 1F73059E100C1B27006C040E /* previous.png */; };
		1F7305A3100C1B27006C040E /* next.png in Resources */ = {isa = PBXBuildFile; fileRef = 1F73059F100C1B27006C040E /* next.png */; };
		1F7305A4100C1B27006C040E /* pause.png in Resources */ = {isa = PBXBuildFile; fileRef = 1F7305A0100C1B27006C040E /* pause.png */; };
		1F7305A5100C1B27006C040E /* play.png in Resources */ = {isa = PBXBuildFile; fileRef = 1F7305A1100C1B27006C040E /* play.png */; };
		1F7305C5100C1CDD006C040E /* background.png in Resources */ = {isa = PBXBuildFile; fileRef = 1F7305C4100C1CDD006C040E /* background.png */; };
		1F7305DC100C1E80006C040E /* Default.png in Resources */ = {isa = PBXBuildFile; fileRef = 1F7305DB100C1E80006C040E /* Default.png */; };
		1F7305F8100C21C8006C040E /* logo.png in Resources */ = {isa = PBXBuildFile; fileRef = 1F7305F7100C21C8006C040E /* logo.png */; };
		1F730603100C2285006C040E /* Icon.png in Resources */ = {isa = PBXBuildFile; fileRef = 1F730602100C2285006C040E /* Icon.png */; };
		1FAFEAC61016924D00A5E927 /* Entitlements.plist in Resources */ = {isa = PBXBuildFile; fileRef = 1FAFEAC51016924D00A5E927 /* Entitlements.plist */; };
		1FB8FBCF100D469600AD82ED /* SettingsViewController.m in Sources */ = {isa = PBXBuildFile; fileRef = 1FB8FBCE100D469600AD82ED /* SettingsViewController.m */; };
		1FDC5AC4100BFBB500651F31 /* ColorUtility.m in Sources */ = {isa = PBXBuildFile; fileRef = 1FDC5AC3100BFBB500651F31 /* ColorUtility.m */; };
		1FDC5B9E100C105000651F31 /* DefaultAlbum.png in Resources */ = {isa = PBXBuildFile; fileRef = 1FDC5B9D100C105000651F31 /* DefaultAlbum.png */; };
		1FEF34C510966E720060C259 /* duckLogo.png in Resources */ = {isa = PBXBuildFile; fileRef = 1FEF34C410966E720060C259 /* duckLogo.png */; };
		288765A50DF7441C002DB57D /* CoreGraphics.framework in Frameworks */ = {isa = PBXBuildFile; fileRef = 288765A40DF7441C002DB57D /* CoreGraphics.framework */; };
		2899E5220DE3E06400AC0155 /* NowPlayingViewController.xib in Resources */ = {isa = PBXBuildFile; fileRef = 2899E5210DE3E06400AC0155 /* NowPlayingViewController.xib */; };
		28AD733F0D9D9553002E5188 /* MainWindow.xib in Resources */ = {isa = PBXBuildFile; fileRef = 28AD733E0D9D9553002E5188 /* MainWindow.xib */; };
		28D7ACF80DDB3853001CB0EB /* NowPlayingViewController.m in Sources */ = {isa = PBXBuildFile; fileRef = 28D7ACF70DDB3853001CB0EB /* NowPlayingViewController.m */; };
		E3132C3B100BC31600F3CA15 /* MediaPlayer.framework in Frameworks */ = {isa = PBXBuildFile; fileRef = E3132C3A100BC31600F3CA15 /* MediaPlayer.framework */; };
		E37C81F8100BA121001772F5 /* SelectSongViewController.m in Sources */ = {isa = PBXBuildFile; fileRef = E37C81F7100BA121001772F5 /* SelectSongViewController.m */; };
/* End PBXBuildFile section */

/* Begin PBXFileReference section */
		1D30AB110D05D00D00671497 /* Foundation.framework */ = {isa = PBXFileReference; lastKnownFileType = wrapper.framework; name = Foundation.framework; path = System/Library/Frameworks/Foundation.framework; sourceTree = SDKROOT; };
		1D3623240D0F684500981E51 /* PowerHourAppDelegate.h */ = {isa = PBXFileReference; fileEncoding = 4; lastKnownFileType = sourcecode.c.h; path = PowerHourAppDelegate.h; sourceTree = "<group>"; };
		1D3623250D0F684500981E51 /* PowerHourAppDelegate.m */ = {isa = PBXFileReference; fileEncoding = 4; lastKnownFileType = sourcecode.c.objc; path = PowerHourAppDelegate.m; sourceTree = "<group>"; };
		1D6058910D05DD3D006BFB54 /* PowerHour.app */ = {isa = PBXFileReference; explicitFileType = wrapper.application; includeInIndex = 0; path = PowerHour.app; sourceTree = BUILT_PRODUCTS_DIR; };
		1DF5F4DF0D08C38300B7A737 /* UIKit.framework */ = {isa = PBXFileReference; lastKnownFileType = wrapper.framework; name = UIKit.framework; path = System/Library/Frameworks/UIKit.framework; sourceTree = SDKROOT; };
		1F73059E100C1B27006C040E /* previous.png */ = {isa = PBXFileReference; lastKnownFileType = image.png; path = previous.png; sourceTree = "<group>"; };
		1F73059F100C1B27006C040E /* next.png */ = {isa = PBXFileReference; lastKnownFileType = image.png; path = next.png; sourceTree = "<group>"; };
		1F7305A0100C1B27006C040E /* pause.png */ = {isa = PBXFileReference; lastKnownFileType = image.png; path = pause.png; sourceTree = "<group>"; };
		1F7305A1100C1B27006C040E /* play.png */ = {isa = PBXFileReference; lastKnownFileType = image.png; path = play.png; sourceTree = "<group>"; };
		1F7305C4100C1CDD006C040E /* background.png */ = {isa = PBXFileReference; lastKnownFileType = image.png; path = background.png; sourceTree = "<group>"; };
		1F7305DB100C1E80006C040E /* Default.png */ = {isa = PBXFileReference; lastKnownFileType = image.png; path = Default.png; sourceTree = "<group>"; };
		1F7305F7100C21C8006C040E /* logo.png */ = {isa = PBXFileReference; lastKnownFileType = image.png; path = logo.png; sourceTree = "<group>"; };
		1F730602100C2285006C040E /* Icon.png */ = {isa = PBXFileReference; lastKnownFileType = image.png; path = Icon.png; sourceTree = "<group>"; };
		1FAFEAC51016924D00A5E927 /* Entitlements.plist */ = {isa = PBXFileReference; fileEncoding = 4; lastKnownFileType = text.plist.xml; path = Entitlements.plist; sourceTree = "<group>"; };
		1FB8FBCD100D469600AD82ED /* SettingsViewController.h */ = {isa = PBXFileReference; fileEncoding = 4; lastKnownFileType = sourcecode.c.h; path = SettingsViewController.h; sourceTree = "<group>"; };
		1FB8FBCE100D469600AD82ED /* SettingsViewController.m */ = {isa = PBXFileReference; fileEncoding = 4; lastKnownFileType = sourcecode.c.objc; path = SettingsViewController.m; sourceTree = "<group>"; };
		1FDC5AC2100BFBB500651F31 /* ColorUtility.h */ = {isa = PBXFileReference; fileEncoding = 4; lastKnownFileType = sourcecode.c.h; path = ColorUtility.h; sourceTree = "<group>"; };
		1FDC5AC3100BFBB500651F31 /* ColorUtility.m */ = {isa = PBXFileReference; fileEncoding = 4; lastKnownFileType = sourcecode.c.objc; path = ColorUtility.m; sourceTree = "<group>"; };
		1FDC5B9D100C105000651F31 /* DefaultAlbum.png */ = {isa = PBXFileReference; lastKnownFileType = image.png; path = DefaultAlbum.png; sourceTree = "<group>"; };
		1FEF34C410966E720060C259 /* duckLogo.png */ = {isa = PBXFileReference; lastKnownFileType = image.png; path = duckLogo.png; sourceTree = "<group>"; };
		288765A40DF7441C002DB57D /* CoreGraphics.framework */ = {isa = PBXFileReference; lastKnownFileType = wrapper.framework; name = CoreGraphics.framework; path = System/Library/Frameworks/CoreGraphics.framework; sourceTree = SDKROOT; };
		2899E5210DE3E06400AC0155 /* NowPlayingViewController.xib */ = {isa = PBXFileReference; lastKnownFileType = file.xib; path = NowPlayingViewController.xib; sourceTree = "<group>"; };
		28AD733E0D9D9553002E5188 /* MainWindow.xib */ = {isa = PBXFileReference; lastKnownFileType = file.xib; path = MainWindow.xib; sourceTree = "<group>"; };
		28D7ACF60DDB3853001CB0EB /* NowPlayingViewController.h */ = {isa = PBXFileReference; fileEncoding = 4; lastKnownFileType = sourcecode.c.h; path = NowPlayingViewController.h; sourceTree = "<group>"; };
		28D7ACF70DDB3853001CB0EB /* NowPlayingViewController.m */ = {isa = PBXFileReference; fileEncoding = 4; lastKnownFileType = sourcecode.c.objc; path = NowPlayingViewController.m; sourceTree = "<group>"; };
		29B97316FDCFA39411CA2CEA /* main.m */ = {isa = PBXFileReference; fileEncoding = 4; lastKnownFileType = sourcecode.c.objc; path = main.m; sourceTree = "<group>"; };
		32CA4F630368D1EE00C91783 /* PowerHour_Prefix.pch */ = {isa = PBXFileReference; fileEncoding = 4; lastKnownFileType = sourcecode.c.h; path = PowerHour_Prefix.pch; sourceTree = "<group>"; };
		8D1107310486CEB800E47090 /* PowerHour-Info.plist */ = {isa = PBXFileReference; fileEncoding = 4; lastKnownFileType = text.plist.xml; path = "PowerHour-Info.plist"; plistStructureDefinitionIdentifier = "com.apple.xcode.plist.structure-definition.iphone.info-plist"; sourceTree = "<group>"; };
		E3132C3A100BC31600F3CA15 /* MediaPlayer.framework */ = {isa = PBXFileReference; lastKnownFileType = wrapper.framework; name = MediaPlayer.framework; path = System/Library/Frameworks/MediaPlayer.framework; sourceTree = SDKROOT; };
		E37C81F6100BA121001772F5 /* SelectSongViewController.h */ = {isa = PBXFileReference; fileEncoding = 4; lastKnownFileType = sourcecode.c.h; path = SelectSongViewController.h; sourceTree = "<group>"; };
		E37C81F7100BA121001772F5 /* SelectSongViewController.m */ = {isa = PBXFileReference; fileEncoding = 4; lastKnownFileType = sourcecode.c.objc; path = SelectSongViewController.m; sourceTree = "<group>"; };
/* End PBXFileReference section */

/* Begin PBXFrameworksBuildPhase section */
		1D60588F0D05DD3D006BFB54 /* Frameworks */ = {
			isa = PBXFrameworksBuildPhase;
			buildActionMask = 2147483647;
			files = (
				1D60589F0D05DD5A006BFB54 /* Foundation.framework in Frameworks */,
				1DF5F4E00D08C38300B7A737 /* UIKit.framework in Frameworks */,
				288765A50DF7441C002DB57D /* CoreGraphics.framework in Frameworks */,
				E3132C3B100BC31600F3CA15 /* MediaPlayer.framework in Frameworks */,
			);
			runOnlyForDeploymentPostprocessing = 0;
		};
/* End PBXFrameworksBuildPhase section */

/* Begin PBXGroup section */
		080E96DDFE201D6D7F000001 /* Classes */ = {
			isa = PBXGroup;
			children = (
				E37C81F5100BA105001772F5 /* Main */,
				E37C81F4100BA0E8001772F5 /* SelectSong */,
				E37C81F3100BA0DE001772F5 /* NowPlaying */,
				1FDC5AC0100BFB8A00651F31 /* Utils */,
			);
			path = Classes;
			sourceTree = "<group>";
		};
		19C28FACFE9D520D11CA2CBB /* Products */ = {
			isa = PBXGroup;
			children = (
				1D6058910D05DD3D006BFB54 /* PowerHour.app */,
			);
			name = Products;
			sourceTree = "<group>";
		};
		1FB8FC03100D49D700AD82ED /* Settings */ = {
			isa = PBXGroup;
			children = (
				1FB8FBCD100D469600AD82ED /* SettingsViewController.h */,
				1FB8FBCE100D469600AD82ED /* SettingsViewController.m */,
			);
			name = Settings;
			sourceTree = "<group>";
		};
		1FDC5AB0100BFA6F00651F31 /* Images */ = {
			isa = PBXGroup;
			children = (
				1FEF34C410966E720060C259 /* duckLogo.png */,
				1F7305C4100C1CDD006C040E /* background.png */,
				1F73059E100C1B27006C040E /* previous.png */,
				1F73059F100C1B27006C040E /* next.png */,
				1F7305A0100C1B27006C040E /* pause.png */,
				1F7305A1100C1B27006C040E /* play.png */,
				1FDC5B9D100C105000651F31 /* DefaultAlbum.png */,
				1F7305DB100C1E80006C040E /* Default.png */,
				1F730602100C2285006C040E /* Icon.png */,
				1F7305F7100C21C8006C040E /* logo.png */,
			);
			name = Images;
			sourceTree = "<group>";
		};
		1FDC5AC0100BFB8A00651F31 /* Utils */ = {
			isa = PBXGroup;
			children = (
				1FDC5AC2100BFBB500651F31 /* ColorUtility.h */,
				1FDC5AC3100BFBB500651F31 /* ColorUtility.m */,
			);
			name = Utils;
			sourceTree = "<group>";
		};
		29B97314FDCFA39411CA2CEA /* CustomTemplate */ = {
			isa = PBXGroup;
			children = (
				080E96DDFE201D6D7F000001 /* Classes */,
				29B97315FDCFA39411CA2CEA /* Other Sources */,
				29B97317FDCFA39411CA2CEA /* Resources */,
				29B97323FDCFA39411CA2CEA /* Frameworks */,
				19C28FACFE9D520D11CA2CBB /* Products */,
			);
			name = CustomTemplate;
			sourceTree = "<group>";
		};
		29B97315FDCFA39411CA2CEA /* Other Sources */ = {
			isa = PBXGroup;
			children = (
				32CA4F630368D1EE00C91783 /* PowerHour_Prefix.pch */,
				29B97316FDCFA39411CA2CEA /* main.m */,
			);
			name = "Other Sources";
			sourceTree = "<group>";
		};
		29B97317FDCFA39411CA2CEA /* Resources */ = {
			isa = PBXGroup;
			children = (
				1FAFEAC51016924D00A5E927 /* Entitlements.plist */,
				1FDC5AB0100BFA6F00651F31 /* Images */,
				E37C81F9100BA1D3001772F5 /* NIBs */,
				8D1107310486CEB800E47090 /* PowerHour-Info.plist */,
			);
			name = Resources;
			sourceTree = "<group>";
		};
		29B97323FDCFA39411CA2CEA /* Frameworks */ = {
			isa = PBXGroup;
			children = (
				E3132C3A100BC31600F3CA15 /* MediaPlayer.framework */,
				1DF5F4DF0D08C38300B7A737 /* UIKit.framework */,
				1D30AB110D05D00D00671497 /* Foundation.framework */,
				288765A40DF7441C002DB57D /* CoreGraphics.framework */,
			);
			name = Frameworks;
			sourceTree = "<group>";
		};
		E37C81F3100BA0DE001772F5 /* NowPlaying */ = {
			isa = PBXGroup;
			children = (
				28D7ACF60DDB3853001CB0EB /* NowPlayingViewController.h */,
				28D7ACF70DDB3853001CB0EB /* NowPlayingViewController.m */,
			);
			name = NowPlaying;
			sourceTree = "<group>";
		};
		E37C81F4100BA0E8001772F5 /* SelectSong */ = {
			isa = PBXGroup;
			children = (
				1FB8FC03100D49D700AD82ED /* Settings */,
				E37C81F6100BA121001772F5 /* SelectSongViewController.h */,
				E37C81F7100BA121001772F5 /* SelectSongViewController.m */,
			);
			name = SelectSong;
			sourceTree = "<group>";
		};
		E37C81F5100BA105001772F5 /* Main */ = {
			isa = PBXGroup;
			children = (
				1D3623240D0F684500981E51 /* PowerHourAppDelegate.h */,
				1D3623250D0F684500981E51 /* PowerHourAppDelegate.m */,
			);
			name = Main;
			sourceTree = "<group>";
		};
		E37C81F9100BA1D3001772F5 /* NIBs */ = {
			isa = PBXGroup;
			children = (
				2899E5210DE3E06400AC0155 /* NowPlayingViewController.xib */,
				28AD733E0D9D9553002E5188 /* MainWindow.xib */,
			);
			name = NIBs;
			sourceTree = "<group>";
		};
/* End PBXGroup section */

/* Begin PBXNativeTarget section */
		1D6058900D05DD3D006BFB54 /* PowerHour */ = {
			isa = PBXNativeTarget;
			buildConfigurationList = 1D6058960D05DD3E006BFB54 /* Build configuration list for PBXNativeTarget "PowerHour" */;
			buildPhases = (
				1D60588D0D05DD3D006BFB54 /* Resources */,
				1D60588E0D05DD3D006BFB54 /* Sources */,
				1D60588F0D05DD3D006BFB54 /* Frameworks */,
			);
			buildRules = (
			);
			dependencies = (
			);
			name = PowerHour;
			productName = PowerHour;
			productReference = 1D6058910D05DD3D006BFB54 /* PowerHour.app */;
			productType = "com.apple.product-type.application";
		};
/* End PBXNativeTarget section */

/* Begin PBXProject section */
		29B97313FDCFA39411CA2CEA /* Project object */ = {
			isa = PBXProject;
			buildConfigurationList = C01FCF4E08A954540054247B /* Build configuration list for PBXProject "PowerHour" */;
			compatibilityVersion = "Xcode 3.1";
			hasScannedForEncodings = 1;
			mainGroup = 29B97314FDCFA39411CA2CEA /* CustomTemplate */;
			projectDirPath = "";
			projectRoot = "";
			targets = (
				1D6058900D05DD3D006BFB54 /* PowerHour */,
			);
		};
/* End PBXProject section */

/* Begin PBXResourcesBuildPhase section */
		1D60588D0D05DD3D006BFB54 /* Resources */ = {
			isa = PBXResourcesBuildPhase;
			buildActionMask = 2147483647;
			files = (
				28AD733F0D9D9553002E5188 /* MainWindow.xib in Resources */,
				2899E5220DE3E06400AC0155 /* NowPlayingViewController.xib in Resources */,
				1FDC5B9E100C105000651F31 /* DefaultAlbum.png in Resources */,
				1F7305A2100C1B27006C040E /* previous.png in Resources */,
				1F7305A3100C1B27006C040E /* next.png in Resources */,
				1F7305A4100C1B27006C040E /* pause.png in Resources */,
				1F7305A5100C1B27006C040E /* play.png in Resources */,
				1F7305C5100C1CDD006C040E /* background.png in Resources */,
				1F7305DC100C1E80006C040E /* Default.png in Resources */,
				1F7305F8100C21C8006C040E /* logo.png in Resources */,
				1F730603100C2285006C040E /* Icon.png in Resources */,
				1FAFEAC61016924D00A5E927 /* Entitlements.plist in Resources */,
				1FEF34C510966E720060C259 /* duckLogo.png in Resources */,
			);
			runOnlyForDeploymentPostprocessing = 0;
		};
/* End PBXResourcesBuildPhase section */

/* Begin PBXSourcesBuildPhase section */
		1D60588E0D05DD3D006BFB54 /* Sources */ = {
			isa = PBXSourcesBuildPhase;
			buildActionMask = 2147483647;
			files = (
				1D60589B0D05DD56006BFB54 /* main.m in Sources */,
				1D3623260D0F684500981E51 /* PowerHourAppDelegate.m in Sources */,
				28D7ACF80DDB3853001CB0EB /* NowPlayingViewController.m in Sources */,
				E37C81F8100BA121001772F5 /* SelectSongViewController.m in Sources */,
				1FDC5AC4100BFBB500651F31 /* ColorUtility.m in Sources */,
				1FB8FBCF100D469600AD82ED /* SettingsViewController.m in Sources */,
			);
			runOnlyForDeploymentPostprocessing = 0;
		};
/* End PBXSourcesBuildPhase section */

/* Begin XCBuildConfiguration section */
		1D6058940D05DD3E006BFB54 /* Debug */ = {
			isa = XCBuildConfiguration;
			buildSettings = {
				ALWAYS_SEARCH_USER_PATHS = NO;
				COPY_PHASE_STRIP = NO;
				GCC_DYNAMIC_NO_PIC = NO;
				GCC_OPTIMIZATION_LEVEL = 0;
				GCC_PRECOMPILE_PREFIX_HEADER = YES;
				GCC_PREFIX_HEADER = PowerHour_Prefix.pch;
				INFOPLIST_FILE = "PowerHour-Info.plist";
				PRODUCT_NAME = PowerHour;
			};
			name = Debug;
		};
		1D6058950D05DD3E006BFB54 /* Release */ = {
			isa = XCBuildConfiguration;
			buildSettings = {
				ALWAYS_SEARCH_USER_PATHS = NO;
				COPY_PHASE_STRIP = YES;
				GCC_PRECOMPILE_PREFIX_HEADER = YES;
				GCC_PREFIX_HEADER = PowerHour_Prefix.pch;
				INFOPLIST_FILE = "PowerHour-Info.plist";
				PRODUCT_NAME = PowerHour;
			};
			name = Release;
		};
		1F0480B1100FDC7E005DF114 /* Distribution */ = {
			isa = XCBuildConfiguration;
			buildSettings = {
				ARCHS = "$(ARCHS_STANDARD_32_BIT)";
				CODE_SIGN_IDENTITY = "iPhone Distribution: Roozy";
				"CODE_SIGN_IDENTITY[sdk=iphoneos*]" = "iPhone Distribution: Roozy";
				GCC_C_LANGUAGE_STANDARD = c99;
				GCC_WARN_ABOUT_RETURN_TYPE = YES;
				GCC_WARN_UNUSED_VARIABLE = YES;
				PREBINDING = NO;
				PROVISIONING_PROFILE = "28F3BE80-23ED-457A-96FB-5D530397B53A";
				"PROVISIONING_PROFILE[sdk=iphoneos*]" = "28F3BE80-23ED-457A-96FB-5D530397B53A";
				SDKROOT = iphoneos3.0;
			};
			name = Distribution;
		};
		1F0480B2100FDC7E005DF114 /* Distribution */ = {
			isa = XCBuildConfiguration;
			buildSettings = {
				ALWAYS_SEARCH_USER_PATHS = NO;
				COPY_PHASE_STRIP = YES;
				GCC_PRECOMPILE_PREFIX_HEADER = YES;
				GCC_PREFIX_HEADER = PowerHour_Prefix.pch;
				INFOPLIST_FILE = "PowerHour-Info.plist";
				PRODUCT_NAME = PowerHour;
			};
			name = Distribution;
		};
		1FAFEACF101692A500A5E927 /* Ad Hoc Distribution */ = {
			isa = XCBuildConfiguration;
			buildSettings = {
				ARCHS = "$(ARCHS_STANDARD_32_BIT)";
				CODE_SIGN_ENTITLEMENTS = Entitlements.plist;
				CODE_SIGN_IDENTITY = "iPhone Distribution";
				"CODE_SIGN_IDENTITY[sdk=iphoneos*]" = "iPhone Distribution";
				GCC_C_LANGUAGE_STANDARD = c99;
				GCC_WARN_ABOUT_RETURN_TYPE = YES;
				GCC_WARN_UNUSED_VARIABLE = YES;
				PREBINDING = NO;
				PROVISIONING_PROFILE = "";
				"PROVISIONING_PROFILE[sdk=iphoneos*]" = "";
				SDKROOT = iphoneos3.0;
			};
			name = "Ad Hoc Distribution";
		};
		1FAFEAD0101692A500A5E927 /* Ad Hoc Distribution */ = {
			isa = XCBuildConfiguration;
			buildSettings = {
				ALWAYS_SEARCH_USER_PATHS = NO;
				COPY_PHASE_STRIP = YES;
				GCC_PRECOMPILE_PREFIX_HEADER = YES;
				GCC_PREFIX_HEADER = PowerHour_Prefix.pch;
				INFOPLIST_FILE = "PowerHour-Info.plist";
				PRODUCT_NAME = PowerHour;
			};
			name = "Ad Hoc Distribution";
		};
		C01FCF4F08A954540054247B /* Debug */ = {
			isa = XCBuildConfiguration;
			buildSettings = {
				ARCHS = "$(ARCHS_STANDARD_32_BIT)";
				"CODE_SIGN_IDENTITY[sdk=iphoneos*]" = "iPhone Developer";
				GCC_C_LANGUAGE_STANDARD = c99;
				GCC_WARN_ABOUT_RETURN_TYPE = YES;
				GCC_WARN_UNUSED_VARIABLE = YES;
				PREBINDING = NO;
				SDKROOT = iphoneos3.0;
			};
			name = Debug;
		};
		C01FCF5008A954540054247B /* Release */ = {
			isa = XCBuildConfiguration;
			buildSettings = {
				ARCHS = "$(ARCHS_STANDARD_32_BIT)";
				"CODE_SIGN_IDENTITY[sdk=iphoneos*]" = "iPhone Developer";
				GCC_C_LANGUAGE_STANDARD = c99;
				GCC_WARN_ABOUT_RETURN_TYPE = YES;
				GCC_WARN_UNUSED_VARIABLE = YES;
				PREBINDING = NO;
				SDKROOT = iphoneos3.0;
			};
			name = Release;
		};
/* End XCBuildConfiguration section */

/* Begin XCConfigurationList section */
		1D6058960D05DD3E006BFB54 /* Build configuration list for PBXNativeTarget "PowerHour" */ = {
			isa = XCConfigurationList;
			buildConfigurations = (
				1D6058940D05DD3E006BFB54 /* Debug */,
				1D6058950D05DD3E006BFB54 /* Release */,
				1F0480B2100FDC7E005DF114 /* Distribution */,
				1FAFEAD0101692A500A5E927 /* Ad Hoc Distribution */,
			);
			defaultConfigurationIsVisible = 0;
			defaultConfigurationName = Release;
		};
		C01FCF4E08A954540054247B /* Build configuration list for PBXProject "PowerHour" */ = {
			isa = XCConfigurationList;
			buildConfigurations = (
				C01FCF4F08A954540054247B /* Debug */,
				C01FCF5008A954540054247B /* Release */,
				1F0480B1100FDC7E005DF114 /* Distribution */,
				1FAFEACF101692A500A5E927 /* Ad Hoc Distribution */,
			);
			defaultConfigurationIsVisible = 0;
			defaultConfigurationName = Release;
		};
/* End XCConfigurationList section */
	};
	rootObject = 29B97313FDCFA39411CA2CEA /* Project object */;
}
